
Microsoft Visual Studio Solution File, Format Version 12.00
# Visual Studio Version 17
VisualStudioVersion = 17.13.35931.197 d17.13
MinimumVisualStudioVersion = 10.0.40219.1
Project("{FAE04EC0-301F-11D3-BF4B-00C04F79EFBC}") = "Ej1", "Ej1\Ej1.csproj", "{AC56554B-4FA8-4C30-8DFD-45B2A140A720}"
EndProject
Global
	GlobalSection(SolutionConfigurationPlatforms) = preSolution
		Debug|Any CPU = Debug|Any CPU
		Release|Any CPU = Release|Any CPU
	EndGlobalSection
	GlobalSection(ProjectConfigurationPlatforms) = postSolution
		{AC56554B-4FA8-4C30-8DFD-45B2A140A720}.Debug|Any CPU.ActiveCfg = Debug|Any CPU
		{AC56554B-4FA8-4C30-8DFD-45B2A140A720}.Debug|Any CPU.Build.0 = Debug|Any CPU
		{AC56554B-4FA8-4C30-8DFD-45B2A140A720}.Release|Any CPU.ActiveCfg = Release|Any CPU
		{AC56554B-4FA8-4C30-8DFD-45B2A140A720}.Release|Any CPU.Build.0 = Release|Any CPU
	EndGlobalSection
	GlobalSection(SolutionProperties) = preSolution
		HideSolutionNode = FALSE
	EndGlobalSection
	GlobalSection(ExtensibilityGlobals) = postSolution
		SolutionGuid = {3C4AE339-1F81-4D6A-91B1-0B60A690CB0D}
	EndGlobalSection
EndGlobal
